
Microsoft Visual Studio Solution File, Format Version 12.00
# Visual Studio Version 17
VisualStudioVersion = 17.13.35828.75 d17.13
MinimumVisualStudioVersion = 10.0.40219.1
Project("{FAE04EC0-301F-11D3-BF4B-00C04F79EFBC}") = "Tarea1_Mapa_de_clases_cs", "Tarea1_Mapa_de_clases_cs.csproj", "{08EE9055-A29B-4D49-A38F-E078CB168FFE}"
EndProject
Global
	GlobalSection(SolutionConfigurationPlatforms) = preSolution
		Debug|Any CPU = Debug|Any CPU
		Release|Any CPU = Release|Any CPU
	EndGlobalSection
	GlobalSection(ProjectConfigurationPlatforms) = postSolution
		{08EE9055-A29B-4D49-A38F-E078CB168FFE}.Debug|Any CPU.ActiveCfg = Debug|Any CPU
		{08EE9055-A29B-4D49-A38F-E078CB168FFE}.Debug|Any CPU.Build.0 = Debug|Any CPU
		{08EE9055-A29B-4D49-A38F-E078CB168FFE}.Release|Any CPU.ActiveCfg = Release|Any CPU
		{08EE9055-A29B-4D49-A38F-E078CB168FFE}.Release|Any CPU.Build.0 = Release|Any CPU
	EndGlobalSection
	GlobalSection(SolutionProperties) = preSolution
		HideSolutionNode = FALSE
	EndGlobalSection
	GlobalSection(ExtensibilityGlobals) = postSolution
		SolutionGuid = {C093BC7B-892A-4FCA-8076-49D11F4F648C}
	EndGlobalSection
EndGlobal
